{
    "compile": {
        "ch.qos.logback:logback-classic": {
            "locked": "1.1.7"
        },
        "io.vertx:vertx-web": {
            "locked": "3.3.3"
        },
        "org.projectlombok:lombok": {
            "locked": "1.16.10"
        },
        "org.slf4j:slf4j-api": {
            "locked": "1.7.21"
        }
    },
    "compileClasspath": {
        "ch.qos.logback:logback-classic": {
            "locked": "1.1.7"
        },
        "io.vertx:vertx-web": {
            "locked": "3.3.3"
        },
        "org.projectlombok:lombok": {
            "locked": "1.16.10"
        },
        "org.slf4j:slf4j-api": {
            "locked": "1.7.21"
        }
    },
    "compileOnly": {
        "ch.qos.logback:logback-classic": {
            "locked": "1.1.7"
        },
        "io.vertx:vertx-web": {
            "locked": "3.3.3"
        },
        "org.projectlombok:lombok": {
            "locked": "1.16.10"
        },
        "org.slf4j:slf4j-api": {
            "locked": "1.7.21"
        }
    },
    "default": {
        "ch.qos.logback:logback-classic": {
            "locked": "1.1.7"
        },
        "io.vertx:vertx-web": {
            "locked": "3.3.3"
        },
        "org.projectlombok:lombok": {
            "project": true
        },
        "org.slf4j:slf4j-api": {
            "locked": "1.7.21"
        }
    },
    "findbugs": {
        "com.google.code.findbugs:findbugs": {
            "locked": "3.0.1"
        }
    },
    "hystrixDashboard": {
        "com.netflix.hystrix:hystrix-dashboard": {
            "locked": "1.5.6"
        }
    },
    "pmd": {
        "net.sourceforge.pmd:pmd-java": {
            "locked": "5.5.0"
        }
    },
    "provided": {
        "org.projectlombok:lombok": {
            "locked": "1.16.10"
        }
    },
    "runtime": {
        "ch.qos.logback:logback-classic": {
            "locked": "1.1.7"
        },
        "io.vertx:vertx-web": {
            "locked": "3.3.3"
        },
        "org.projectlombok:lombok": {
            "locked": "1.16.10"
        },
        "org.slf4j:slf4j-api": {
            "locked": "1.7.21"
        }
    },
    "testCompile": {
        "ch.qos.logback:logback-classic": {
            "locked": "1.1.7"
        },
        "com.github.kennedyoliveira:hystrix-vertx-metrics-stream": {
            "locked": "1.5.6"
        },
        "com.github.stefanbirkner:system-rules": {
            "locked": "1.16.1"
        },
        "com.netflix.hystrix:hystrix-core": {
            "locked": "1.5.6"
        },
        "io.vertx:vertx-unit": {
            "locked": "3.3.3"
        },
        "io.vertx:vertx-web": {
            "locked": "3.3.3"
        },
        "junit:junit": {
            "locked": "4.12"
        },
        "org.mockito:mockito-core": {
            "locked": "1.10.19"
        },
        "org.projectlombok:lombok": {
            "locked": "1.16.10"
        },
        "org.slf4j:slf4j-api": {
            "locked": "1.7.21"
        }
    },
    "testCompileClasspath": {
        "ch.qos.logback:logback-classic": {
            "locked": "1.1.7"
        },
        "com.github.kennedyoliveira:hystrix-vertx-metrics-stream": {
            "locked": "1.5.6"
        },
        "com.github.stefanbirkner:system-rules": {
            "locked": "1.16.1"
        },
        "com.netflix.hystrix:hystrix-core": {
            "locked": "1.5.6"
        },
        "io.vertx:vertx-unit": {
            "locked": "3.3.3"
        },
        "io.vertx:vertx-web": {
            "locked": "3.3.3"
        },
        "junit:junit": {
            "locked": "4.12"
        },
        "org.mockito:mockito-core": {
            "locked": "1.10.19"
        },
        "org.projectlombok:lombok": {
            "locked": "1.16.10"
        },
        "org.slf4j:slf4j-api": {
            "locked": "1.7.21"
        }
    },
    "testCompileOnly": {
        "ch.qos.logback:logback-classic": {
            "locked": "1.1.7"
        },
        "com.github.kennedyoliveira:hystrix-vertx-metrics-stream": {
            "locked": "1.5.6"
        },
        "com.github.stefanbirkner:system-rules": {
            "locked": "1.16.1"
        },
        "com.netflix.hystrix:hystrix-core": {
            "locked": "1.5.6"
        },
        "io.vertx:vertx-unit": {
            "locked": "3.3.3"
        },
        "io.vertx:vertx-web": {
            "locked": "3.3.3"
        },
        "junit:junit": {
            "locked": "4.12"
        },
        "org.mockito:mockito-core": {
            "locked": "1.10.19"
        },
        "org.projectlombok:lombok": {
            "locked": "1.16.10"
        },
        "org.slf4j:slf4j-api": {
            "locked": "1.7.21"
        }
    },
    "testRuntime": {
        "ch.qos.logback:logback-classic": {
            "locked": "1.1.7"
        },
        "com.github.kennedyoliveira:hystrix-vertx-metrics-stream": {
            "locked": "1.5.6"
        },
        "com.github.stefanbirkner:system-rules": {
            "locked": "1.16.1"
        },
        "com.netflix.hystrix:hystrix-core": {
            "locked": "1.5.6"
        },
        "io.vertx:vertx-unit": {
            "locked": "3.3.3"
        },
        "io.vertx:vertx-web": {
            "locked": "3.3.3"
        },
        "junit:junit": {
            "locked": "4.12"
        },
        "org.mockito:mockito-core": {
            "locked": "1.10.19"
        },
        "org.projectlombok:lombok": {
            "locked": "1.16.10"
        },
        "org.slf4j:slf4j-api": {
            "locked": "1.7.21"
        }
    }
}